
Microsoft Visual Studio Solution File, Format Version 12.00
# Visual Studio 14
VisualStudioVersion = 14.0.25420.1
MinimumVisualStudioVersion = 10.0.40219.1
Project("{FAE04EC0-301F-11D3-BF4B-00C04F79EFBC}") = "FiniteAutomata", "FiniteAutomota\FiniteAutomata.csproj", "{15430488-B2D9-414C-9C6A-3C0B148EB5A6}"
EndProject
Project("{FAE04EC0-301F-11D3-BF4B-00C04F79EFBC}") = "FiniteAutomata.Test", "NonDeterministicFiniteAutomataTest\FiniteAutomata.Test.csproj", "{51BFA230-F20C-4698-A869-106521F844E3}"
EndProject
Global
	GlobalSection(SolutionConfigurationPlatforms) = preSolution
		Debug|Any CPU = Debug|Any CPU
		Release|Any CPU = Release|Any CPU
	EndGlobalSection
	GlobalSection(ProjectConfigurationPlatforms) = postSolution
		{15430488-B2D9-414C-9C6A-3C0B148EB5A6}.Debug|Any CPU.ActiveCfg = Debug|Any CPU
		{15430488-B2D9-414C-9C6A-3C0B148EB5A6}.Debug|Any CPU.Build.0 = Debug|Any CPU
		{15430488-B2D9-414C-9C6A-3C0B148EB5A6}.Release|Any CPU.ActiveCfg = Release|Any CPU
		{15430488-B2D9-414C-9C6A-3C0B148EB5A6}.Release|Any CPU.Build.0 = Release|Any CPU
		{51BFA230-F20C-4698-A869-106521F844E3}.Debug|Any CPU.ActiveCfg = Debug|Any CPU
		{51BFA230-F20C-4698-A869-106521F844E3}.Debug|Any CPU.Build.0 = Debug|Any CPU
		{51BFA230-F20C-4698-A869-106521F844E3}.Release|Any CPU.ActiveCfg = Release|Any CPU
		{51BFA230-F20C-4698-A869-106521F844E3}.Release|Any CPU.Build.0 = Release|Any CPU
	EndGlobalSection
	GlobalSection(SolutionProperties) = preSolution
		HideSolutionNode = FALSE
	EndGlobalSection
EndGlobal
